{
  "name": "douyin-miniapp-skeleton",
  "version": "0.1.0",
  "lockfileVersion": 3,
  "requires": true,
  "packages": {
    "": {
      "name": "douyin-miniapp-skeleton",
      "version": "0.1.0",
      "devDependencies": {
        "@douyin-microapp/typings": "^1.0.0",
        "typescript": "^5.4.0"
      }
    },
    "node_modules/@douyin-microapp/typings": {
      "version": "1.3.1",
      "resolved": "https://registry.npmmirror.com/@douyin-microapp/typings/-/typings-1.3.1.tgz",
      "integrity": "sha512-TuooIb1SYqMQ6FcC2Ux5wm5/2VH9hKO6bHIHxlKhcpW9fBp8FXHn7X/wfpVi0SaKNK15zA+B8JN2HSsaJ/wjUw==",
      "dev": true,
      "license": "MIT"
    },
    "node_modules/typescript": {
      "version": "5.9.3",
      "resolved": "https://registry.npmmirror.com/typescript/-/typescript-5.9.3.tgz",
      "integrity": "sha512-jl1vZzPDinLr9eUt3J/t7V6FgNEw9QjvBPdysz9KfQDD41fQrC2Y4vKQdiaUpFT4bXlb1RHhLpp8wtm6M5TgSw==",
      "dev": true,
      "license": "Apache-2.0",
      "bin": {
        "tsc": "bin/tsc",
        "tsserver": "bin/tsserver"
      },
      "engines": {
        "node": ">=14.17"
      }
    }
  }
}
